
Microsoft Visual Studio Solution File, Format Version 12.00
Project("{FAE04EC0-301F-11D3-BF4B-00C04F79EFBC}") = "LwP4_TPL_and_Interlocked_operations", "LwP4_TPL_and_Interlocked_operations\LwP4_TPL_and_Interlocked_operations.csproj", "{342A5E16-4986-4487-A35E-8CB68C7AC1AB}"
EndProject
Global
	GlobalSection(SolutionConfigurationPlatforms) = preSolution
		Debug|Any CPU = Debug|Any CPU
		Release|Any CPU = Release|Any CPU
	EndGlobalSection
	GlobalSection(ProjectConfigurationPlatforms) = postSolution
		{342A5E16-4986-4487-A35E-8CB68C7AC1AB}.Debug|Any CPU.ActiveCfg = Debug|Any CPU
		{342A5E16-4986-4487-A35E-8CB68C7AC1AB}.Debug|Any CPU.Build.0 = Debug|Any CPU
		{342A5E16-4986-4487-A35E-8CB68C7AC1AB}.Release|Any CPU.ActiveCfg = Release|Any CPU
		{342A5E16-4986-4487-A35E-8CB68C7AC1AB}.Release|Any CPU.Build.0 = Release|Any CPU
	EndGlobalSection
EndGlobal
