
Microsoft Visual Studio Solution File, Format Version 12.00
Project("{FAE04EC0-301F-11D3-BF4B-00C04F79EFBC}") = "LW_C4_Persistance", "LW_C4_Persistance\LW_C4_Persistance.csproj", "{A8F2275E-A7C3-4DBC-BA19-1C3F7AC2F89E}"
EndProject
Global
	GlobalSection(SolutionConfigurationPlatforms) = preSolution
		Debug|Any CPU = Debug|Any CPU
		Release|Any CPU = Release|Any CPU
	EndGlobalSection
	GlobalSection(ProjectConfigurationPlatforms) = postSolution
		{A8F2275E-A7C3-4DBC-BA19-1C3F7AC2F89E}.Debug|Any CPU.ActiveCfg = Debug|Any CPU
		{A8F2275E-A7C3-4DBC-BA19-1C3F7AC2F89E}.Debug|Any CPU.Build.0 = Debug|Any CPU
		{A8F2275E-A7C3-4DBC-BA19-1C3F7AC2F89E}.Release|Any CPU.ActiveCfg = Release|Any CPU
		{A8F2275E-A7C3-4DBC-BA19-1C3F7AC2F89E}.Release|Any CPU.Build.0 = Release|Any CPU
	EndGlobalSection
EndGlobal
